
Microsoft Visual Studio Solution File, Format Version 12.00
# Visual Studio Version 17
VisualStudioVersion = 17.3.32825.248
MinimumVisualStudioVersion = 10.0.40219.1
Project("{8BC9CEB8-8B4A-11D0-8D11-00A0C91BC942}") = "Многомерные массивы", "Многомерные массивы\Многомерные массивы.vcxproj", "{26858441-CAA2-434E-911F-DB309778624B}"
EndProject
Project("{2150E333-8FDC-42A3-9474-1A3956D46DE8}") = "дз к 6.06", "дз к 6.06", "{9AFFB418-2712-482D-8EA7-874CB59C10C7}"
EndProject
Project("{8BC9CEB8-8B4A-11D0-8D11-00A0C91BC942}") = "Task 1", "Task 1\Task 1.vcxproj", "{254DD681-29BE-431D-BC77-3076761D33AB}"
EndProject
Project("{8BC9CEB8-8B4A-11D0-8D11-00A0C91BC942}") = "Task 2", "Task 2\Task 2.vcxproj", "{01BEDDAA-AC09-4AF2-BF62-94422940B378}"
EndProject
Project("{2150E333-8FDC-42A3-9474-1A3956D46DE8}") = "Практика к 8.06", "Практика к 8.06", "{E5A946B2-272E-4332-8EAA-71D259A4D286}"
EndProject
Project("{8BC9CEB8-8B4A-11D0-8D11-00A0C91BC942}") = "Task 1_8", "Task 1_8\Task 1_8.vcxproj", "{52A8EE0A-4F71-4B4B-A9E4-57878C7A19F8}"
EndProject
Project("{8BC9CEB8-8B4A-11D0-8D11-00A0C91BC942}") = "Task 2_8", "Task 2_8\Task 2_8.vcxproj", "{A374A01E-9840-4F63-80F8-82C63868E7BE}"
EndProject
Global
	GlobalSection(SolutionConfigurationPlatforms) = preSolution
		Debug|x64 = Debug|x64
		Debug|x86 = Debug|x86
		Release|x64 = Release|x64
		Release|x86 = Release|x86
	EndGlobalSection
	GlobalSection(ProjectConfigurationPlatforms) = postSolution
		{26858441-CAA2-434E-911F-DB309778624B}.Debug|x64.ActiveCfg = Debug|x64
		{26858441-CAA2-434E-911F-DB309778624B}.Debug|x64.Build.0 = Debug|x64
		{26858441-CAA2-434E-911F-DB309778624B}.Debug|x86.ActiveCfg = Debug|Win32
		{26858441-CAA2-434E-911F-DB309778624B}.Debug|x86.Build.0 = Debug|Win32
		{26858441-CAA2-434E-911F-DB309778624B}.Release|x64.ActiveCfg = Release|x64
		{26858441-CAA2-434E-911F-DB309778624B}.Release|x64.Build.0 = Release|x64
		{26858441-CAA2-434E-911F-DB309778624B}.Release|x86.ActiveCfg = Release|Win32
		{26858441-CAA2-434E-911F-DB309778624B}.Release|x86.Build.0 = Release|Win32
		{254DD681-29BE-431D-BC77-3076761D33AB}.Debug|x64.ActiveCfg = Debug|x64
		{254DD681-29BE-431D-BC77-3076761D33AB}.Debug|x64.Build.0 = Debug|x64
		{254DD681-29BE-431D-BC77-3076761D33AB}.Debug|x86.ActiveCfg = Debug|Win32
		{254DD681-29BE-431D-BC77-3076761D33AB}.Debug|x86.Build.0 = Debug|Win32
		{254DD681-29BE-431D-BC77-3076761D33AB}.Release|x64.ActiveCfg = Release|x64
		{254DD681-29BE-431D-BC77-3076761D33AB}.Release|x64.Build.0 = Release|x64
		{254DD681-29BE-431D-BC77-3076761D33AB}.Release|x86.ActiveCfg = Release|Win32
		{254DD681-29BE-431D-BC77-3076761D33AB}.Release|x86.Build.0 = Release|Win32
		{01BEDDAA-AC09-4AF2-BF62-94422940B378}.Debug|x64.ActiveCfg = Debug|x64
		{01BEDDAA-AC09-4AF2-BF62-94422940B378}.Debug|x64.Build.0 = Debug|x64
		{01BEDDAA-AC09-4AF2-BF62-94422940B378}.Debug|x86.ActiveCfg = Debug|Win32
		{01BEDDAA-AC09-4AF2-BF62-94422940B378}.Debug|x86.Build.0 = Debug|Win32
		{01BEDDAA-AC09-4AF2-BF62-94422940B378}.Release|x64.ActiveCfg = Release|x64
		{01BEDDAA-AC09-4AF2-BF62-94422940B378}.Release|x64.Build.0 = Release|x64
		{01BEDDAA-AC09-4AF2-BF62-94422940B378}.Release|x86.ActiveCfg = Release|Win32
		{01BEDDAA-AC09-4AF2-BF62-94422940B378}.Release|x86.Build.0 = Release|Win32
		{52A8EE0A-4F71-4B4B-A9E4-57878C7A19F8}.Debug|x64.ActiveCfg = Debug|x64
		{52A8EE0A-4F71-4B4B-A9E4-57878C7A19F8}.Debug|x64.Build.0 = Debug|x64
		{52A8EE0A-4F71-4B4B-A9E4-57878C7A19F8}.Debug|x86.ActiveCfg = Debug|Win32
		{52A8EE0A-4F71-4B4B-A9E4-57878C7A19F8}.Debug|x86.Build.0 = Debug|Win32
		{52A8EE0A-4F71-4B4B-A9E4-57878C7A19F8}.Release|x64.ActiveCfg = Release|x64
		{52A8EE0A-4F71-4B4B-A9E4-57878C7A19F8}.Release|x64.Build.0 = Release|x64
		{52A8EE0A-4F71-4B4B-A9E4-57878C7A19F8}.Release|x86.ActiveCfg = Release|Win32
		{52A8EE0A-4F71-4B4B-A9E4-57878C7A19F8}.Release|x86.Build.0 = Release|Win32
		{A374A01E-9840-4F63-80F8-82C63868E7BE}.Debug|x64.ActiveCfg = Debug|x64
		{A374A01E-9840-4F63-80F8-82C63868E7BE}.Debug|x64.Build.0 = Debug|x64
		{A374A01E-9840-4F63-80F8-82C63868E7BE}.Debug|x86.ActiveCfg = Debug|Win32
		{A374A01E-9840-4F63-80F8-82C63868E7BE}.Debug|x86.Build.0 = Debug|Win32
		{A374A01E-9840-4F63-80F8-82C63868E7BE}.Release|x64.ActiveCfg = Release|x64
		{A374A01E-9840-4F63-80F8-82C63868E7BE}.Release|x64.Build.0 = Release|x64
		{A374A01E-9840-4F63-80F8-82C63868E7BE}.Release|x86.ActiveCfg = Release|Win32
		{A374A01E-9840-4F63-80F8-82C63868E7BE}.Release|x86.Build.0 = Release|Win32
	EndGlobalSection
	GlobalSection(SolutionProperties) = preSolution
		HideSolutionNode = FALSE
	EndGlobalSection
	GlobalSection(NestedProjects) = preSolution
		{254DD681-29BE-431D-BC77-3076761D33AB} = {9AFFB418-2712-482D-8EA7-874CB59C10C7}
		{01BEDDAA-AC09-4AF2-BF62-94422940B378} = {9AFFB418-2712-482D-8EA7-874CB59C10C7}
		{52A8EE0A-4F71-4B4B-A9E4-57878C7A19F8} = {E5A946B2-272E-4332-8EAA-71D259A4D286}
		{A374A01E-9840-4F63-80F8-82C63868E7BE} = {E5A946B2-272E-4332-8EAA-71D259A4D286}
	EndGlobalSection
	GlobalSection(ExtensibilityGlobals) = postSolution
		SolutionGuid = {8BFD29D6-010F-4ED8-A059-50E46350881D}
	EndGlobalSection
EndGlobal
